
Microsoft Visual Studio Solution File, Format Version 12.00
# Visual Studio Version 17
VisualStudioVersion = 17.5.002.0
MinimumVisualStudioVersion = 10.0.40219.1
Project("{9A19103F-16F7-4668-BE54-9A1E7A4F7556}") = "Puzzle1", "Puzzle1\Puzzle1.csproj", "{7263AFE6-41A5-4790-AB83-CB81B0BA766E}"
EndProject
Project("{9A19103F-16F7-4668-BE54-9A1E7A4F7556}") = "Puzzle2", "Puzzle2\Puzzle2.csproj", "{9AF23AE3-A790-4AEB-8BC4-7B071D5E7E95}"
EndProject
Project("{9A19103F-16F7-4668-BE54-9A1E7A4F7556}") = "Puzzle3", "Puzzle3\Puzzle3.csproj", "{61838F75-9183-4546-8290-8C205355AEE0}"
EndProject
Global
	GlobalSection(SolutionConfigurationPlatforms) = preSolution
		Debug|Any CPU = Debug|Any CPU
		Release|Any CPU = Release|Any CPU
	EndGlobalSection
	GlobalSection(ProjectConfigurationPlatforms) = postSolution
		{7263AFE6-41A5-4790-AB83-CB81B0BA766E}.Debug|Any CPU.ActiveCfg = Debug|Any CPU
		{7263AFE6-41A5-4790-AB83-CB81B0BA766E}.Debug|Any CPU.Build.0 = Debug|Any CPU
		{7263AFE6-41A5-4790-AB83-CB81B0BA766E}.Release|Any CPU.ActiveCfg = Release|Any CPU
		{7263AFE6-41A5-4790-AB83-CB81B0BA766E}.Release|Any CPU.Build.0 = Release|Any CPU
		{9AF23AE3-A790-4AEB-8BC4-7B071D5E7E95}.Debug|Any CPU.ActiveCfg = Debug|Any CPU
		{9AF23AE3-A790-4AEB-8BC4-7B071D5E7E95}.Debug|Any CPU.Build.0 = Debug|Any CPU
		{9AF23AE3-A790-4AEB-8BC4-7B071D5E7E95}.Release|Any CPU.ActiveCfg = Release|Any CPU
		{9AF23AE3-A790-4AEB-8BC4-7B071D5E7E95}.Release|Any CPU.Build.0 = Release|Any CPU
		{61838F75-9183-4546-8290-8C205355AEE0}.Debug|Any CPU.ActiveCfg = Debug|Any CPU
		{61838F75-9183-4546-8290-8C205355AEE0}.Debug|Any CPU.Build.0 = Debug|Any CPU
		{61838F75-9183-4546-8290-8C205355AEE0}.Release|Any CPU.ActiveCfg = Release|Any CPU
		{61838F75-9183-4546-8290-8C205355AEE0}.Release|Any CPU.Build.0 = Release|Any CPU
	EndGlobalSection
	GlobalSection(SolutionProperties) = preSolution
		HideSolutionNode = FALSE
	EndGlobalSection
	GlobalSection(ExtensibilityGlobals) = postSolution
		SolutionGuid = {C0B35936-174C-4044-8562-0CEADC3B77CE}
	EndGlobalSection
EndGlobal
